
Microsoft Visual Studio Solution File, Format Version 12.00
# Visual Studio 15
VisualStudioVersion = 15.0.28307.271
MinimumVisualStudioVersion = 10.0.40219.1
Project("{FAE04EC0-301F-11D3-BF4B-00C04F79EFBC}") = "algebra-de-conjuntos", "algebra-de-conjuntos.csproj", "{FE2DB5B1-775A-4918-8A61-D2DF01644B9F}"
EndProject
Global
	GlobalSection(SolutionConfigurationPlatforms) = preSolution
		Debug|Any CPU = Debug|Any CPU
		Release|Any CPU = Release|Any CPU
	EndGlobalSection
	GlobalSection(ProjectConfigurationPlatforms) = postSolution
		{FE2DB5B1-775A-4918-8A61-D2DF01644B9F}.Debug|Any CPU.ActiveCfg = Debug|Any CPU
		{FE2DB5B1-775A-4918-8A61-D2DF01644B9F}.Debug|Any CPU.Build.0 = Debug|Any CPU
		{FE2DB5B1-775A-4918-8A61-D2DF01644B9F}.Release|Any CPU.ActiveCfg = Release|Any CPU
		{FE2DB5B1-775A-4918-8A61-D2DF01644B9F}.Release|Any CPU.Build.0 = Release|Any CPU
	EndGlobalSection
	GlobalSection(SolutionProperties) = preSolution
		HideSolutionNode = FALSE
	EndGlobalSection
	GlobalSection(ExtensibilityGlobals) = postSolution
		SolutionGuid = {51AF2C40-0BA9-44F6-957E-B35648C4E408}
	EndGlobalSection
EndGlobal
